
Microsoft Visual Studio Solution File, Format Version 12.00
# Visual Studio Version 16
VisualStudioVersion = 16.0.31129.286
MinimumVisualStudioVersion = 10.0.40219.1
Project("{FAE04EC0-301F-11D3-BF4B-00C04F79EFBC}") = "CommanderAPI", "CommanderAPI\CommanderAPI.csproj", "{B50343FB-FE60-491F-98EE-B9DDC3EE689E}"
EndProject
Global
	GlobalSection(SolutionConfigurationPlatforms) = preSolution
		Debug|Any CPU = Debug|Any CPU
		Release|Any CPU = Release|Any CPU
	EndGlobalSection
	GlobalSection(ProjectConfigurationPlatforms) = postSolution
		{B50343FB-FE60-491F-98EE-B9DDC3EE689E}.Debug|Any CPU.ActiveCfg = Debug|Any CPU
		{B50343FB-FE60-491F-98EE-B9DDC3EE689E}.Debug|Any CPU.Build.0 = Debug|Any CPU
		{B50343FB-FE60-491F-98EE-B9DDC3EE689E}.Release|Any CPU.ActiveCfg = Release|Any CPU
		{B50343FB-FE60-491F-98EE-B9DDC3EE689E}.Release|Any CPU.Build.0 = Release|Any CPU
	EndGlobalSection
	GlobalSection(SolutionProperties) = preSolution
		HideSolutionNode = FALSE
	EndGlobalSection
	GlobalSection(ExtensibilityGlobals) = postSolution
		SolutionGuid = {B94AFB44-0475-405D-9594-5597CD8FF8A4}
	EndGlobalSection
EndGlobal
